
Microsoft Visual Studio Solution File, Format Version 12.00
# Visual Studio Version 17
VisualStudioVersion = 17.1.32421.90
MinimumVisualStudioVersion = 10.0.40219.1
Project("{FAE04EC0-301F-11D3-BF4B-00C04F79EFBC}") = "ConsolaViernes29", "ConsolaViernes29\ConsolaViernes29.csproj", "{32F7EDD7-1A64-4DE3-A88C-12EE4DF8F0EA}"
EndProject
Global
	GlobalSection(SolutionConfigurationPlatforms) = preSolution
		Debug|Any CPU = Debug|Any CPU
		Release|Any CPU = Release|Any CPU
	EndGlobalSection
	GlobalSection(ProjectConfigurationPlatforms) = postSolution
		{32F7EDD7-1A64-4DE3-A88C-12EE4DF8F0EA}.Debug|Any CPU.ActiveCfg = Debug|Any CPU
		{32F7EDD7-1A64-4DE3-A88C-12EE4DF8F0EA}.Debug|Any CPU.Build.0 = Debug|Any CPU
		{32F7EDD7-1A64-4DE3-A88C-12EE4DF8F0EA}.Release|Any CPU.ActiveCfg = Release|Any CPU
		{32F7EDD7-1A64-4DE3-A88C-12EE4DF8F0EA}.Release|Any CPU.Build.0 = Release|Any CPU
	EndGlobalSection
	GlobalSection(SolutionProperties) = preSolution
		HideSolutionNode = FALSE
	EndGlobalSection
	GlobalSection(ExtensibilityGlobals) = postSolution
		SolutionGuid = {2459FA0F-47BF-4742-8CCF-FF8CEE4BDB53}
	EndGlobalSection
EndGlobal
